
Microsoft Visual Studio Solution File, Format Version 12.00
# Visual Studio Version 16
VisualStudioVersion = 16.0.31624.102
MinimumVisualStudioVersion = 10.0.40219.1
Project("{8BC9CEB8-8B4A-11D0-8D11-00A0C91BC942}") = "25.10", "25.10.vcxproj", "{ABA3D60E-2227-4E52-A617-301EFBA1AD17}"
EndProject
Global
	GlobalSection(SolutionConfigurationPlatforms) = preSolution
		Debug|x64 = Debug|x64
		Debug|x86 = Debug|x86
		Release|x64 = Release|x64
		Release|x86 = Release|x86
	EndGlobalSection
	GlobalSection(ProjectConfigurationPlatforms) = postSolution
		{ABA3D60E-2227-4E52-A617-301EFBA1AD17}.Debug|x64.ActiveCfg = Debug|x64
		{ABA3D60E-2227-4E52-A617-301EFBA1AD17}.Debug|x64.Build.0 = Debug|x64
		{ABA3D60E-2227-4E52-A617-301EFBA1AD17}.Debug|x86.ActiveCfg = Debug|Win32
		{ABA3D60E-2227-4E52-A617-301EFBA1AD17}.Debug|x86.Build.0 = Debug|Win32
		{ABA3D60E-2227-4E52-A617-301EFBA1AD17}.Release|x64.ActiveCfg = Release|x64
		{ABA3D60E-2227-4E52-A617-301EFBA1AD17}.Release|x64.Build.0 = Release|x64
		{ABA3D60E-2227-4E52-A617-301EFBA1AD17}.Release|x86.ActiveCfg = Release|Win32
		{ABA3D60E-2227-4E52-A617-301EFBA1AD17}.Release|x86.Build.0 = Release|Win32
	EndGlobalSection
	GlobalSection(SolutionProperties) = preSolution
		HideSolutionNode = FALSE
	EndGlobalSection
	GlobalSection(ExtensibilityGlobals) = postSolution
		SolutionGuid = {57FED277-3621-4AD6-A692-834731189662}
	EndGlobalSection
EndGlobal
